<?xml version="1.0" encoding="utf-8"?>
<Project ToolsVersion="4.0" xmlns="http://schemas.microsoft.com/developer/msbuild/2003">
  <ItemGroup>
    <Filter Include="Source Files">
      <UniqueIdentifier>{4FC737F1-C7A5-4376-A066-2A32D752A2FF}</UniqueIdentifier>
      <Extensions>cpp;c;cc;cxx;def;odl;idl;hpj;bat;asm;asmx</Extensions>
    </Filter>
    <Filter Include="Header Files">
      <UniqueIdentifier>{93995380-89BD-4b04-88EB-625FBE52EBFB}</UniqueIdentifier>
      <Extensions>h;hh;hpp;hxx;hm;inl;inc;xsd</Extensions>
    </Filter>
    <Filter Include="Resource Files">
      <UniqueIdentifier>{67DA6AB6-F800-4c08-8B7A-83BB121AAD01}</UniqueIdentifier>
      <Extensions>rc;ico;cur;bmp;dlg;rc2;rct;bin;rgs;gif;jpg;jpeg;jpe;resx;tiff;tif;png;wav;mfcribbon-ms</Extensions>
    </Filter>
    <Filter Include="Header Files\platform">
      <UniqueIdentifier>{0cb34c19-7979-481c-b3df-4b95e95ac4c5}</UniqueIdentifier>
    </Filter>
    <Filter Include="Header Files\logging">
      <UniqueIdentifier>{ef155b59-20b3-45f9-ad9a-1c8fcf7e2ba8}</UniqueIdentifier>
    </Filter>
    <Filter Include="Header Files\details">
      <UniqueIdentifier>{24a194bf-cab5-4f5f-978f-b12d3607be44}</UniqueIdentifier>
    </Filter>
    <Filter Include="Source Files\logging">
      <UniqueIdentifier>{8950a9c0-d751-485b-ab6d-a79894aa5255}</UniqueIdentifier>
    </Filter>
    <Filter Include="Source Files\details">
      <UniqueIdentifier>{8a58dafc-d9ca-4ec2-b7c0-b512ae772502}</UniqueIdentifier>
    </Filter>
    <Filter Include="Source Files\platform">
      <UniqueIdentifier>{74f3935f-c825-488c-91a8-6af2a9d17154}</UniqueIdentifier>
    </Filter>
    <Filter Include="Source Files\thirdparty">
      <UniqueIdentifier>{1ae7c8b3-9bcc-4dba-ad64-873399418dfd}</UniqueIdentifier>
    </Filter>
    <Filter Include="Source Files\thirdparty\http_parser">
      <UniqueIdentifier>{f9d40b6b-fff0-4c81-aba9-f815d1b084da}</UniqueIdentifier>
    </Filter>
    <Filter Include="Source Files\thirdparty\picohttpparser">
      <UniqueIdentifier>{41337ea4-0597-4e60-aaf1-27f41c538b92}</UniqueIdentifier>
    </Filter>
    <Filter Include="Source Files\httpserver">
      <UniqueIdentifier>{66a0f37d-693d-46f0-801d-cb005f569539}</UniqueIdentifier>
    </Filter>
    <Filter Include="Source Files\httpserver\http2">
      <UniqueIdentifier>{d488e733-b71d-4b43-bd5f-d0504862b8ee}</UniqueIdentifier>
    </Filter>
    <Filter Include="Source Files\httpserver\websocket">
      <UniqueIdentifier>{8d024e71-0deb-40f1-998e-23bf52c9375d}</UniqueIdentifier>
    </Filter>
    <Filter Include="Source Files\httpserver\openssl">
      <UniqueIdentifier>{482a978a-2c15-4df3-81ed-d88c921ba9aa}</UniqueIdentifier>
    </Filter>
    <Filter Include="Source Files\thirdparty\libzippp">
      <UniqueIdentifier>{ea055138-1ec2-4d04-87ad-3c2fb352c8f1}</UniqueIdentifier>
    </Filter>
    <Filter Include="Header Files\utils">
      <UniqueIdentifier>{c93ded0c-52dd-40ce-8eb3-970b15801278}</UniqueIdentifier>
    </Filter>
  </ItemGroup>
  <ItemGroup>
    <ClInclude Include="..\..\include\rapid\iobuffer.h">
      <Filter>Header Files</Filter>
    </ClInclude>
    <ClInclude Include="..\..\include\rapid\tcpserver.h">
      <Filter>Header Files</Filter>
    </ClInclude>
    <ClInclude Include="..\..\include\rapid\platform\registry.h">
      <Filter>Header Files\platform</Filter>
    </ClInclude>
    <ClInclude Include="..\..\include\rapid\platform\spinlock.h">
      <Filter>Header Files\platform</Filter>
    </ClInclude>
    <ClInclude Include="..\..\include\rapid\logging\logging.h">
      <Filter>Header Files\logging</Filter>
    </ClInclude>
    <ClInclude Include="..\..\include\rapid\logging\eventlog.h">
      <Filter>Header Files\logging</Filter>
    </ClInclude>
    <ClInclude Include="..\..\include\rapid\platform\platform.h">
      <Filter>Header Files\platform</Filter>
    </ClInclude>
    <ClInclude Include="..\..\include\rapid\logging\stackdump.h">
      <Filter>Header Files\logging</Filter>
    </ClInclude>
    <ClInclude Include="..\..\include\rapid\platform\slist.h">
      <Filter>Header Files\platform</Filter>
    </ClInclude>
    <ClInclude Include="..\..\include\rapid\platform\dllmap.h">
      <Filter>Header Files\platform</Filter>
    </ClInclude>
    <ClInclude Include="..\..\example\http\httpmessage.h">
      <Filter>Source Files\httpserver</Filter>
    </ClInclude>
    <ClInclude Include="..\..\example\http\httpserverconfigfacade.h">
      <Filter>Source Files\httpserver</Filter>
    </ClInclude>
    <ClInclude Include="..\..\include\rapid\platform\threadutils.h">
      <Filter>Header Files\platform</Filter>
    </ClInclude>
    <ClInclude Include="..\..\include\rapid\connection.h">
      <Filter>Header Files</Filter>
    </ClInclude>
    <ClInclude Include="..\..\include\rapid\platform\privilege.h">
      <Filter>Header Files\platform</Filter>
    </ClInclude>
    <ClInclude Include="..\..\example\http\fastcgi.h">
      <Filter>Source Files\httpserver</Filter>
    </ClInclude>
    <ClInclude Include="..\..\example\http\httpcontext.h">
      <Filter>Source Files\httpserver</Filter>
    </ClInclude>
    <ClInclude Include="..\..\example\http\httpserver.h">
      <Filter>Source Files\httpserver</Filter>
    </ClInclude>
    <ClInclude Include="..\..\example\http\http2\hpack.h">
      <Filter>Source Files\httpserver\http2</Filter>
    </ClInclude>
    <ClInclude Include="..\..\example\http\http2\http2codec.h">
      <Filter>Source Files\httpserver\http2</Filter>
    </ClInclude>
    <ClInclude Include="..\..\example\http\http2\huffman.h">
      <Filter>Source Files\httpserver\http2</Filter>
    </ClInclude>
    <ClInclude Include="..\..\example\http\http2\searchpriorityqueue.h">
      <Filter>Source Files\httpserver\http2</Filter>
    </ClInclude>
    <ClInclude Include="..\..\example\http\http2\binarysearchtree.h">
      <Filter>Source Files\httpserver\http2</Filter>
    </ClInclude>
    <ClInclude Include="..\..\example\http\http2\streamdependency.h">
      <Filter>Source Files\httpserver\http2</Filter>
    </ClInclude>
    <ClInclude Include="..\..\example\http\http2\http2frame.h">
      <Filter>Source Files\httpserver\http2</Filter>
    </ClInclude>
    <ClInclude Include="..\..\example\http\http2\http2constants.h">
      <Filter>Source Files\httpserver\http2</Filter>
    </ClInclude>
    <ClInclude Include="..\..\example\http\filecachemanager.h">
      <Filter>Source Files\httpserver</Filter>
    </ClInclude>
    <ClInclude Include="..\..\include\rapid\platform\inifilereader.h">
      <Filter>Header Files\platform</Filter>
    </ClInclude>
    <ClInclude Include="..\..\example\http\httpexception.h">
      <Filter>Source Files\httpserver</Filter>
    </ClInclude>
    <ClInclude Include="..\..\example\http\httpstatuscode.h">
      <Filter>Source Files\httpserver</Filter>
    </ClInclude>
    <ClInclude Include="..\..\example\http\uri.h">
      <Filter>Source Files\httpserver</Filter>
    </ClInclude>
    <ClInclude Include="..\..\example\http\httpheaders.h">
      <Filter>Source Files\httpserver</Filter>
    </ClInclude>
    <ClInclude Include="..\..\include\rapid\platform\srwlock.h">
      <Filter>Header Files\platform</Filter>
    </ClInclude>
    <ClInclude Include="..\..\include\rapid\platform\synchronousqueue.h">
      <Filter>Header Files\platform</Filter>
    </ClInclude>
    <ClInclude Include="..\..\example\http\httpconstants.h">
      <Filter>Source Files\httpserver</Filter>
    </ClInclude>
    <ClInclude Include="..\..\example\http\http2\http2pusher.h">
      <Filter>Source Files\httpserver\http2</Filter>
    </ClInclude>
    <ClInclude Include="..\..\example\http\mime.h">
      <Filter>Source Files\httpserver</Filter>
    </ClInclude>
    <ClInclude Include="..\..\example\http\fakehttpserver.h">
      <Filter>Source Files\httpserver</Filter>
    </ClInclude>
    <ClInclude Include="..\..\include\rapid\platform\tcpipparameters.h">
      <Filter>Header Files\platform</Filter>
    </ClInclude>
    <ClInclude Include="..\..\example\http\http2\http2stream.h">
      <Filter>Source Files\httpserver\http2</Filter>
    </ClInclude>
    <ClInclude Include="..\..\include\rapid\details\common.h">
      <Filter>Header Files\details</Filter>
    </ClInclude>
    <ClInclude Include="..\..\include\rapid\details\contracts.h">
      <Filter>Header Files\details</Filter>
    </ClInclude>
    <ClInclude Include="..\..\include\rapid\details\ioeventdispatcher.h">
      <Filter>Header Files\details</Filter>
    </ClInclude>
    <ClInclude Include="..\..\include\rapid\details\ioeventqueue.h">
      <Filter>Header Files\details</Filter>
    </ClInclude>
    <ClInclude Include="..\..\include\rapid\details\ioflags.h">
      <Filter>Header Files\details</Filter>
    </ClInclude>
    <ClInclude Include="..\..\include\rapid\details\iothreadpool.h">
      <Filter>Header Files\details</Filter>
    </ClInclude>
    <ClInclude Include="..\..\include\rapid\details\memallocator.h">
      <Filter>Header Files\details</Filter>
    </ClInclude>
    <ClInclude Include="..\..\include\rapid\details\numavmemallocator.h">
      <Filter>Header Files\details</Filter>
    </ClInclude>
    <ClInclude Include="..\..\include\rapid\details\socket.h">
      <Filter>Header Files\details</Filter>
    </ClInclude>
    <ClInclude Include="..\..\include\rapid\details\socketexception.h">
      <Filter>Header Files\details</Filter>
    </ClInclude>
    <ClInclude Include="..\..\include\rapid\details\timer.h">
      <Filter>Header Files\details</Filter>
    </ClInclude>
    <ClInclude Include="..\..\include\rapid\details\vmemallocator.h">
      <Filter>Header Files\details</Filter>
    </ClInclude>
    <ClInclude Include="..\..\include\rapid\exception.h">
      <Filter>Header Files</Filter>
    </ClInclude>
    <ClInclude Include="..\..\include\rapid\platform\utils.h">
      <Filter>Header Files\platform</Filter>
    </ClInclude>
    <ClInclude Include="..\..\include\rapid\utilis.h">
      <Filter>Header Files</Filter>
    </ClInclude>
    <ClInclude Include="..\..\include\rapid\details\wasextapi.h">
      <Filter>Header Files\details</Filter>
    </ClInclude>
    <ClInclude Include="..\..\include\rapid\eventhandler.h">
      <Filter>Header Files</Filter>
    </ClInclude>
    <ClInclude Include="..\..\example\http\websocket\websocketcodec.h">
      <Filter>Source Files\httpserver\websocket</Filter>
    </ClInclude>
    <ClInclude Include="..\..\example\http\websocket\websocketconstants.h">
      <Filter>Source Files\httpserver\websocket</Filter>
    </ClInclude>
    <ClInclude Include="..\..\example\http\websocket\websocketservice.h">
      <Filter>Source Files\httpserver\websocket</Filter>
    </ClInclude>
    <ClInclude Include="..\..\include\rapid\platform\performancecounter.h">
      <Filter>Header Files\platform</Filter>
    </ClInclude>
    <ClInclude Include="..\..\include\rapid\platform\memorymappedfile.h">
      <Filter>Header Files\platform</Filter>
    </ClInclude>
    <ClInclude Include="..\..\example\http\predeclare.h">
      <Filter>Source Files\httpserver</Filter>
    </ClInclude>
    <ClInclude Include="..\..\example\http\http1xcodec.h">
      <Filter>Source Files\httpserver</Filter>
    </ClInclude>
    <ClInclude Include="..\..\example\http\httpcodec.h">
      <Filter>Source Files\httpserver</Filter>
    </ClInclude>
    <ClInclude Include="..\..\example\http\httpscontext.h">
      <Filter>Source Files\httpserver</Filter>
    </ClInclude>
    <ClInclude Include="..\..\example\http\httpstaticheadertable.h">
      <Filter>Source Files\httpserver</Filter>
    </ClInclude>
    <ClInclude Include="..\..\example\http\openssl\openssl.h">
      <Filter>Source Files\httpserver\openssl</Filter>
    </ClInclude>
    <ClInclude Include="..\..\example\http\openssl\ssl.h">
      <Filter>Source Files\httpserver\openssl</Filter>
    </ClInclude>
    <ClInclude Include="..\..\example\http\openssl\sslcontext.h">
      <Filter>Source Files\httpserver\openssl</Filter>
    </ClInclude>
    <ClInclude Include="..\..\example\http\openssl\sslmanager.h">
      <Filter>Source Files\httpserver\openssl</Filter>
    </ClInclude>
    <ClInclude Include="..\..\include\rapid\objectpool.h">
      <Filter>Header Files</Filter>
    </ClInclude>
    <ClInclude Include="..\..\example\http\messagedispatcher.h">
      <Filter>Source Files\httpserver</Filter>
    </ClInclude>
    <ClInclude Include="..\..\include\rapid\details\buffer.h">
      <Filter>Header Files\details</Filter>
    </ClInclude>
    <ClInclude Include="..\..\thirdparty\libzippp\src\libzippp.h">
      <Filter>Source Files\thirdparty\libzippp</Filter>
    </ClInclude>
    <ClInclude Include="..\..\include\rapid\details\blockfactory.h">
      <Filter>Header Files\details</Filter>
    </ClInclude>
    <ClInclude Include="..\..\include\rapid\details\socketaddress.h">
      <Filter>Header Files\details</Filter>
    </ClInclude>
    <ClInclude Include="..\..\include\rapid\details\timingwheel.h">
      <Filter>Header Files\details</Filter>
    </ClInclude>
    <ClInclude Include="..\..\include\rapid\utils\byteorder.h">
      <Filter>Header Files\utils</Filter>
    </ClInclude>
    <ClInclude Include="..\..\include\rapid\utils\horspool.h">
      <Filter>Header Files\utils</Filter>
    </ClInclude>
    <ClInclude Include="..\..\include\rapid\utils\racedetect.h">
      <Filter>Header Files\utils</Filter>
    </ClInclude>
    <ClInclude Include="..\..\include\rapid\utils\scopeguard.h">
      <Filter>Header Files\utils</Filter>
    </ClInclude>
    <ClInclude Include="..\..\include\rapid\utils\singleton.h">
      <Filter>Header Files\utils</Filter>
    </ClInclude>
    <ClInclude Include="..\..\include\rapid\utils\stopwatch.h">
      <Filter>Header Files\utils</Filter>
    </ClInclude>
    <ClInclude Include="..\..\include\rapid\utils\stringutilis.h">
      <Filter>Header Files\utils</Filter>
    </ClInclude>
    <ClInclude Include="..\..\include\rapid\logging\timestamp.h">
      <Filter>Header Files\logging</Filter>
    </ClInclude>
    <ClInclude Include="..\..\include\rapid\details\socketacceptpoller.h">
      <Filter>Header Files\details</Filter>
    </ClInclude>
    <ClInclude Include="..\..\include\rapid\utils\threadpool.h">
      <Filter>Header Files\utils</Filter>
    </ClInclude>
    <ClInclude Include="..\..\include\rapid\platform\filesystemmonitor.h">
      <Filter>Source Files\platform</Filter>
    </ClInclude>
  </ItemGroup>
  <ItemGroup>
    <ClCompile Include="..\..\source\iobuffer.cpp">
      <Filter>Source Files</Filter>
    </ClCompile>
    <ClCompile Include="..\..\source\tcpserver.cpp">
      <Filter>Source Files</Filter>
    </ClCompile>
    <ClCompile Include="..\..\source\logging\logging.cpp">
      <Filter>Source Files\logging</Filter>
    </ClCompile>
    <ClCompile Include="..\..\source\platform\registry.cpp">
      <Filter>Source Files\platform</Filter>
    </ClCompile>
    <ClCompile Include="..\..\thirdparty\http_parser\http_parser.c">
      <Filter>Source Files\thirdparty\http_parser</Filter>
    </ClCompile>
    <ClCompile Include="..\..\thirdparty\picohttpparser\picohttpparser.c">
      <Filter>Source Files\thirdparty\picohttpparser</Filter>
    </ClCompile>
    <ClCompile Include="..\..\source\logging\eventlog.cpp">
      <Filter>Source Files\logging</Filter>
    </ClCompile>
    <ClCompile Include="..\..\source\logging\stackdump.cpp">
      <Filter>Source Files\logging</Filter>
    </ClCompile>
    <ClCompile Include="..\..\source\platform\dllmap.cpp">
      <Filter>Source Files\platform</Filter>
    </ClCompile>
    <ClCompile Include="..\..\source\platform\exception.cpp">
      <Filter>Source Files\platform</Filter>
    </ClCompile>
    <ClCompile Include="..\..\example\http\httpmessage.cpp">
      <Filter>Source Files\httpserver</Filter>
    </ClCompile>
    <ClCompile Include="..\..\example\http\httpserverconfigfacade.cpp">
      <Filter>Source Files\httpserver</Filter>
    </ClCompile>
    <ClCompile Include="..\..\source\logging\utilis.cpp">
      <Filter>Source Files\logging</Filter>
    </ClCompile>
    <ClCompile Include="..\..\source\platform\threadutils.cpp">
      <Filter>Source Files\platform</Filter>
    </ClCompile>
    <ClCompile Include="..\..\source\connection.cpp">
      <Filter>Source Files</Filter>
    </ClCompile>
    <ClCompile Include="..\..\source\platform\applicationsingleton.cpp">
      <Filter>Source Files\platform</Filter>
    </ClCompile>
    <ClCompile Include="..\..\example\http\httpcontext.cpp">
      <Filter>Source Files\httpserver</Filter>
    </ClCompile>
    <ClCompile Include="..\..\example\http\httpserver.cpp">
      <Filter>Source Files\httpserver</Filter>
    </ClCompile>
    <ClCompile Include="..\..\example\http\http2\hpack.cpp">
      <Filter>Source Files\httpserver\http2</Filter>
    </ClCompile>
    <ClCompile Include="..\..\example\http\http2\http2codec.cpp">
      <Filter>Source Files\httpserver\http2</Filter>
    </ClCompile>
    <ClCompile Include="..\..\example\http\http2\huffman.cpp">
      <Filter>Source Files\httpserver\http2</Filter>
    </ClCompile>
    <ClCompile Include="..\..\example\http\http2\streamdependency.cpp">
      <Filter>Source Files\httpserver\http2</Filter>
    </ClCompile>
    <ClCompile Include="..\..\example\http\http2\http2frame.cpp">
      <Filter>Source Files\httpserver\http2</Filter>
    </ClCompile>
    <ClCompile Include="..\..\example\http\filecachemanager.cpp">
      <Filter>Source Files\httpserver</Filter>
    </ClCompile>
    <ClCompile Include="..\..\source\platform\inifilereader.cpp">
      <Filter>Source Files\platform</Filter>
    </ClCompile>
    <ClCompile Include="..\..\example\http\httpheaders.cpp">
      <Filter>Source Files\httpserver</Filter>
    </ClCompile>
    <ClCompile Include="..\..\example\http\http2\http2pusher.cpp">
      <Filter>Source Files\httpserver\http2</Filter>
    </ClCompile>
    <ClCompile Include="..\..\example\http\mime.cpp">
      <Filter>Source Files\httpserver</Filter>
    </ClCompile>
    <ClCompile Include="..\..\example\http\fakehttpserver.cpp">
      <Filter>Source Files\httpserver</Filter>
    </ClCompile>
    <ClCompile Include="..\..\source\platform\tcpipparameters.cpp">
      <Filter>Source Files\platform</Filter>
    </ClCompile>
    <ClCompile Include="..\..\example\http\main.cpp">
      <Filter>Source Files</Filter>
    </ClCompile>
    <ClCompile Include="..\..\source\details\ioeventdispatcher.cpp">
      <Filter>Source Files\details</Filter>
    </ClCompile>
    <ClCompile Include="..\..\source\details\ioeventqueue.cpp">
      <Filter>Source Files\details</Filter>
    </ClCompile>
    <ClCompile Include="..\..\source\details\iothreadpool.cpp">
      <Filter>Source Files\details</Filter>
    </ClCompile>
    <ClCompile Include="..\..\source\details\numavmemallocator.cpp">
      <Filter>Source Files\details</Filter>
    </ClCompile>
    <ClCompile Include="..\..\source\details\socket.cpp">
      <Filter>Source Files\details</Filter>
    </ClCompile>
    <ClCompile Include="..\..\source\details\socketexception.cpp">
      <Filter>Source Files\details</Filter>
    </ClCompile>
    <ClCompile Include="..\..\source\details\stringutilis.cpp">
      <Filter>Source Files\details</Filter>
    </ClCompile>
    <ClCompile Include="..\..\source\details\timer.cpp">
      <Filter>Source Files\details</Filter>
    </ClCompile>
    <ClCompile Include="..\..\source\details\vmemallocator.cpp">
      <Filter>Source Files\details</Filter>
    </ClCompile>
    <ClCompile Include="..\..\source\platform\utils.cpp">
      <Filter>Source Files\platform</Filter>
    </ClCompile>
    <ClCompile Include="..\..\source\details\wasextapi.cpp">
      <Filter>Source Files\details</Filter>
    </ClCompile>
    <ClCompile Include="..\..\example\http\websocket\websocketcodec.cpp">
      <Filter>Source Files\httpserver\websocket</Filter>
    </ClCompile>
    <ClCompile Include="..\..\example\http\websocket\websocketservice.cpp">
      <Filter>Source Files\httpserver\websocket</Filter>
    </ClCompile>
    <ClCompile Include="..\..\source\platform\performancecounter.cpp">
      <Filter>Source Files\platform</Filter>
    </ClCompile>
    <ClCompile Include="..\..\source\platform\memorymappedfile.cpp">
      <Filter>Source Files\platform</Filter>
    </ClCompile>
    <ClCompile Include="..\..\example\http\http1xcodec.cpp">
      <Filter>Source Files\httpserver</Filter>
    </ClCompile>
    <ClCompile Include="..\..\example\http\httpscontext.cpp">
      <Filter>Source Files\httpserver</Filter>
    </ClCompile>
    <ClCompile Include="..\..\example\http\httpstaticheadertable.cpp">
      <Filter>Source Files\httpserver</Filter>
    </ClCompile>
    <ClCompile Include="..\..\thirdparty\MurmurHash3\MurmurHash3.cpp">
      <Filter>Source Files\httpserver</Filter>
    </ClCompile>
    <ClCompile Include="..\..\example\http\openssl\openssl.cpp">
      <Filter>Source Files\httpserver\openssl</Filter>
    </ClCompile>
    <ClCompile Include="..\..\example\http\openssl\ssl.cpp">
      <Filter>Source Files\httpserver\openssl</Filter>
    </ClCompile>
    <ClCompile Include="..\..\example\http\openssl\sslcontext.cpp">
      <Filter>Source Files\httpserver\openssl</Filter>
    </ClCompile>
    <ClCompile Include="..\..\example\http\openssl\sslmanager.cpp">
      <Filter>Source Files\httpserver\openssl</Filter>
    </ClCompile>
    <ClCompile Include="..\..\source\details\buffer.cpp">
      <Filter>Source Files\details</Filter>
    </ClCompile>
    <ClCompile Include="..\..\thirdparty\libzippp\src\libzippp.cpp">
      <Filter>Source Files\thirdparty\libzippp</Filter>
    </ClCompile>
    <ClCompile Include="..\..\source\details\blockfactory.cpp">
      <Filter>Source Files\details</Filter>
    </ClCompile>
    <ClCompile Include="..\..\source\details\socketaddress.cpp">
      <Filter>Source Files\details</Filter>
    </ClCompile>
    <ClCompile Include="..\..\source\details\timingwheel.cpp">
      <Filter>Source Files\details</Filter>
    </ClCompile>
    <ClCompile Include="..\..\source\details\socketacceptpoller.cpp">
      <Filter>Source Files\details</Filter>
    </ClCompile>
    <ClCompile Include="..\..\source\platform\filesystemmonitor.cpp">
      <Filter>Source Files\platform</Filter>
    </ClCompile>
  </ItemGroup>
  <ItemGroup>
    <None Include="packages.config" />
    <None Include="librapid.ruleset" />
  </ItemGroup>
</Project>